
Microsoft Visual Studio Solution File, Format Version 12.00
# Visual Studio 14
VisualStudioVersion = 14.0.24720.0
MinimumVisualStudioVersion = 10.0.40219.1
Project("{FAE04EC0-301F-11D3-BF4B-00C04F79EFBC}") = "UserElements", "UserElements\UserElements.csproj", "{5F4142FF-F9ED-4945-B867-DA1E64C75E07}"
EndProject
Global
	GlobalSection(SolutionConfigurationPlatforms) = preSolution
		Debug|Any CPU = Debug|Any CPU
		Release|Any CPU = Release|Any CPU
	EndGlobalSection
	GlobalSection(ProjectConfigurationPlatforms) = postSolution
		{5F4142FF-F9ED-4945-B867-DA1E64C75E07}.Debug|Any CPU.ActiveCfg = Debug|Any CPU
		{5F4142FF-F9ED-4945-B867-DA1E64C75E07}.Debug|Any CPU.Build.0 = Debug|Any CPU
		{5F4142FF-F9ED-4945-B867-DA1E64C75E07}.Release|Any CPU.ActiveCfg = Release|Any CPU
		{5F4142FF-F9ED-4945-B867-DA1E64C75E07}.Release|Any CPU.Build.0 = Release|Any CPU
	EndGlobalSection
	GlobalSection(SolutionProperties) = preSolution
		HideSolutionNode = FALSE
	EndGlobalSection
EndGlobal
